{
  "version": 4,
  "terraform_version": "1.0.10",
  "serial": 15,
  "lineage": "9be3cf38-59b7-89b6-7667-f6b134738c66",
  "outputs": {
    "login_server": {
      "value": "marzuloeuacr.azurecr.io",
      "type": "string"
    },
    "resource_group_id": {
      "value": "/subscriptions/63cbb0dd-59fe-4cb9-a739-77e69b1ee643/resourceGroups/marzulo_eu",
      "type": "string"
    }
  },
  "resources": [
    {
      "mode": "managed",
      "type": "azurerm_container_registry",
      "name": "example",
      "provider": "provider[\"registry.terraform.io/hashicorp/azurerm\"]",
      "instances": [
        {
          "schema_version": 2,
          "attributes": {
            "admin_enabled": false,
            "admin_password": "",
            "admin_username": "",
            "encryption": [
              {
                "enabled": false,
                "identity_client_id": "",
                "key_vault_key_id": ""
              }
            ],
            "georeplication_locations": [],
            "georeplications": [],
            "id": "/subscriptions/63cbb0dd-59fe-4cb9-a739-77e69b1ee643/resourceGroups/marzulo_eu/providers/Microsoft.ContainerRegistry/registries/marzuloeuacr",
            "identity": [],
            "location": "westeurope",
            "login_server": "marzuloeuacr.azurecr.io",
            "name": "marzuloeuacr",
            "network_rule_set": [],
            "public_network_access_enabled": true,
            "quarantine_policy_enabled": false,
            "resource_group_name": "marzulo_eu",
            "retention_policy": [
              {
                "days": 7,
                "enabled": false
              }
            ],
            "sku": "Basic",
            "storage_account_id": "",
            "tags": null,
            "timeouts": null,
            "trust_policy": [
              {
                "enabled": false
              }
            ],
            "zone_redundancy_enabled": false
          },
          "sensitive_attributes": [],
          "private": "eyJlMmJmYjczMC1lY2FhLTExZTYtOGY4OC0zNDM2M2JjN2M0YzAiOnsiY3JlYXRlIjoxODAwMDAwMDAwMDAwLCJkZWxldGUiOjE4MDAwMDAwMDAwMDAsInJlYWQiOjMwMDAwMDAwMDAwMCwidXBkYXRlIjoxODAwMDAwMDAwMDAwfSwic2NoZW1hX3ZlcnNpb24iOiIyIn0=",
          "dependencies": [
            "azurerm_resource_group.rg"
          ]
        }
      ]
    },
    {
      "mode": "managed",
      "type": "azurerm_resource_group",
      "name": "rg",
      "provider": "provider[\"registry.terraform.io/hashicorp/azurerm\"]",
      "instances": [
        {
          "schema_version": 0,
          "attributes": {
            "id": "/subscriptions/63cbb0dd-59fe-4cb9-a739-77e69b1ee643/resourceGroups/marzulo_eu",
            "location": "westeurope",
            "name": "marzulo_eu",
            "tags": null,
            "timeouts": null
          },
          "sensitive_attributes": [],
          "private": "eyJlMmJmYjczMC1lY2FhLTExZTYtOGY4OC0zNDM2M2JjN2M0YzAiOnsiY3JlYXRlIjo1NDAwMDAwMDAwMDAwLCJkZWxldGUiOjU0MDAwMDAwMDAwMDAsInJlYWQiOjMwMDAwMDAwMDAwMCwidXBkYXRlIjo1NDAwMDAwMDAwMDAwfX0="
        }
      ]
    },
    {
      "mode": "managed",
      "type": "azurerm_storage_account",
      "name": "sa",
      "provider": "provider[\"registry.terraform.io/hashicorp/azurerm\"]",
      "instances": [
        {
          "schema_version": 2,
          "attributes": {
            "access_tier": "Hot",
            "account_kind": "StorageV2",
            "account_replication_type": "LRS",
            "account_tier": "Standard",
            "allow_blob_public_access": false,
            "azure_files_authentication": [],
            "blob_properties": [
              {
                "change_feed_enabled": false,
                "container_delete_retention_policy": [],
                "cors_rule": [],
                "default_service_version": "",
                "delete_retention_policy": [],
                "last_access_time_enabled": false,
                "versioning_enabled": false
              }
            ],
            "custom_domain": [],
            "enable_https_traffic_only": true,
            "id": "/subscriptions/63cbb0dd-59fe-4cb9-a739-77e69b1ee643/resourceGroups/marzulo_eu/providers/Microsoft.Storage/storageAccounts/marzuloeumytfsa",
            "identity": [],
            "is_hns_enabled": false,
            "large_file_share_enabled": null,
            "location": "westeurope",
            "min_tls_version": "TLS1_0",
            "name": "marzuloeumytfsa",
            "network_rules": [
              {
                "bypass": [
                  "AzureServices"
                ],
                "default_action": "Allow",
                "ip_rules": [],
                "private_link_access": [],
                "virtual_network_subnet_ids": []
              }
            ],
            "nfsv3_enabled": false,
            "primary_access_key": "7V1SjOuWCqPFt4zmxS47ripNGXXUBNqeaeRz92BqaylUbilfz2rMjEwRgXJfsjGd8OkQoG9aSdxsAvksXzy8Lg==",
            "primary_blob_connection_string": "DefaultEndpointsProtocol=https;BlobEndpoint=https://marzuloeumytfsa.blob.core.windows.net/;AccountName=marzuloeumytfsa;AccountKey=7V1SjOuWCqPFt4zmxS47ripNGXXUBNqeaeRz92BqaylUbilfz2rMjEwRgXJfsjGd8OkQoG9aSdxsAvksXzy8Lg==",
            "primary_blob_endpoint": "https://marzuloeumytfsa.blob.core.windows.net/",
            "primary_blob_host": "marzuloeumytfsa.blob.core.windows.net",
            "primary_connection_string": "DefaultEndpointsProtocol=https;AccountName=marzuloeumytfsa;AccountKey=7V1SjOuWCqPFt4zmxS47ripNGXXUBNqeaeRz92BqaylUbilfz2rMjEwRgXJfsjGd8OkQoG9aSdxsAvksXzy8Lg==;EndpointSuffix=core.windows.net",
            "primary_dfs_endpoint": "https://marzuloeumytfsa.dfs.core.windows.net/",
            "primary_dfs_host": "marzuloeumytfsa.dfs.core.windows.net",
            "primary_file_endpoint": "https://marzuloeumytfsa.file.core.windows.net/",
            "primary_file_host": "marzuloeumytfsa.file.core.windows.net",
            "primary_location": "westeurope",
            "primary_queue_endpoint": "https://marzuloeumytfsa.queue.core.windows.net/",
            "primary_queue_host": "marzuloeumytfsa.queue.core.windows.net",
            "primary_table_endpoint": "https://marzuloeumytfsa.table.core.windows.net/",
            "primary_table_host": "marzuloeumytfsa.table.core.windows.net",
            "primary_web_endpoint": "https://marzuloeumytfsa.z6.web.core.windows.net/",
            "primary_web_host": "marzuloeumytfsa.z6.web.core.windows.net",
            "queue_properties": [
              {
                "cors_rule": [],
                "hour_metrics": [
                  {
                    "enabled": true,
                    "include_apis": true,
                    "retention_policy_days": 7,
                    "version": "1.0"
                  }
                ],
                "logging": [
                  {
                    "delete": false,
                    "read": false,
                    "retention_policy_days": 0,
                    "version": "1.0",
                    "write": false
                  }
                ],
                "minute_metrics": [
                  {
                    "enabled": false,
                    "include_apis": false,
                    "retention_policy_days": 0,
                    "version": "1.0"
                  }
                ]
              }
            ],
            "resource_group_name": "marzulo_eu",
            "routing": [],
            "secondary_access_key": "N51uN5KjyUo7fQ0Fc9mwIRozE4EthjRELMmQsvDCFyDsp/5OPBv3mnqOqMDWYiUDq1lqtP57S09hUj41UScCfw==",
            "secondary_blob_connection_string": "",
            "secondary_blob_endpoint": null,
            "secondary_blob_host": null,
            "secondary_connection_string": "DefaultEndpointsProtocol=https;AccountName=marzuloeumytfsa;AccountKey=N51uN5KjyUo7fQ0Fc9mwIRozE4EthjRELMmQsvDCFyDsp/5OPBv3mnqOqMDWYiUDq1lqtP57S09hUj41UScCfw==;EndpointSuffix=core.windows.net",
            "secondary_dfs_endpoint": null,
            "secondary_dfs_host": null,
            "secondary_file_endpoint": null,
            "secondary_file_host": null,
            "secondary_location": "",
            "secondary_queue_endpoint": null,
            "secondary_queue_host": null,
            "secondary_table_endpoint": null,
            "secondary_table_host": null,
            "secondary_web_endpoint": null,
            "secondary_web_host": null,
            "share_properties": [
              {
                "cors_rule": [],
                "retention_policy": [
                  {
                    "days": 7
                  }
                ],
                "smb": []
              }
            ],
            "shared_access_key_enabled": true,
            "static_website": [],
            "tags": null,
            "timeouts": null
          },
          "sensitive_attributes": [],
          "private": "eyJlMmJmYjczMC1lY2FhLTExZTYtOGY4OC0zNDM2M2JjN2M0YzAiOnsiY3JlYXRlIjozNjAwMDAwMDAwMDAwLCJkZWxldGUiOjM2MDAwMDAwMDAwMDAsInJlYWQiOjMwMDAwMDAwMDAwMCwidXBkYXRlIjozNjAwMDAwMDAwMDAwfSwic2NoZW1hX3ZlcnNpb24iOiIyIn0=",
          "dependencies": [
            "azurerm_resource_group.rg"
          ]
        }
      ]
    },
    {
      "mode": "managed",
      "type": "azurerm_virtual_network",
      "name": "vnet",
      "provider": "provider[\"registry.terraform.io/hashicorp/azurerm\"]",
      "instances": [
        {
          "schema_version": 0,
          "attributes": {
            "address_space": [
              "10.10.0.0/16"
            ],
            "bgp_community": "",
            "ddos_protection_plan": [],
            "dns_servers": [],
            "guid": "dfb52c8d-bb83-42f2-9640-038f1d5eb27a",
            "id": "/subscriptions/63cbb0dd-59fe-4cb9-a739-77e69b1ee643/resourceGroups/marzulo_eu/providers/Microsoft.Network/virtualNetworks/myTFVnet",
            "location": "westeurope",
            "name": "myTFVnet",
            "resource_group_name": "marzulo_eu",
            "subnet": [],
            "tags": null,
            "timeouts": null,
            "vm_protection_enabled": false
          },
          "sensitive_attributes": [],
          "private": "eyJlMmJmYjczMC1lY2FhLTExZTYtOGY4OC0zNDM2M2JjN2M0YzAiOnsiY3JlYXRlIjoxODAwMDAwMDAwMDAwLCJkZWxldGUiOjE4MDAwMDAwMDAwMDAsInJlYWQiOjMwMDAwMDAwMDAwMCwidXBkYXRlIjoxODAwMDAwMDAwMDAwfX0=",
          "dependencies": [
            "azurerm_resource_group.rg"
          ]
        }
      ]
    }
  ]
}
