{
  "version": 4,
  "terraform_version": "1.0.10",
  "serial": 7,
  "lineage": "9be3cf38-59b7-89b6-7667-f6b134738c66",
  "outputs": {
    "resource_group_id": {
      "value": "/subscriptions/63cbb0dd-59fe-4cb9-a739-77e69b1ee643/resourceGroups/marzulo_eu",
      "type": "string"
    }
  },
  "resources": [
    {
      "mode": "managed",
      "type": "azurerm_resource_group",
      "name": "rg",
      "provider": "provider[\"registry.terraform.io/hashicorp/azurerm\"]",
      "instances": [
        {
          "schema_version": 0,
          "attributes": {
            "id": "/subscriptions/63cbb0dd-59fe-4cb9-a739-77e69b1ee643/resourceGroups/marzulo_eu",
            "location": "westeurope",
            "name": "marzulo_eu",
            "tags": {},
            "timeouts": null
          },
          "sensitive_attributes": [],
          "private": "eyJlMmJmYjczMC1lY2FhLTExZTYtOGY4OC0zNDM2M2JjN2M0YzAiOnsiY3JlYXRlIjo1NDAwMDAwMDAwMDAwLCJkZWxldGUiOjU0MDAwMDAwMDAwMDAsInJlYWQiOjMwMDAwMDAwMDAwMCwidXBkYXRlIjo1NDAwMDAwMDAwMDAwfX0="
        }
      ]
    },
    {
      "mode": "managed",
      "type": "azurerm_virtual_network",
      "name": "vnet",
      "provider": "provider[\"registry.terraform.io/hashicorp/azurerm\"]",
      "instances": [
        {
          "schema_version": 0,
          "attributes": {
            "address_space": [
              "10.10.0.0/16"
            ],
            "bgp_community": "",
            "ddos_protection_plan": [],
            "dns_servers": [],
            "guid": "77e7f8e0-46ca-485b-9a43-1d996b80ce21",
            "id": "/subscriptions/63cbb0dd-59fe-4cb9-a739-77e69b1ee643/resourceGroups/marzulo_eu/providers/Microsoft.Network/virtualNetworks/myTFVnet",
            "location": "westeurope",
            "name": "myTFVnet",
            "resource_group_name": "marzulo_eu",
            "subnet": [],
            "tags": {},
            "timeouts": null,
            "vm_protection_enabled": false
          },
          "sensitive_attributes": [],
          "private": "eyJlMmJmYjczMC1lY2FhLTExZTYtOGY4OC0zNDM2M2JjN2M0YzAiOnsiY3JlYXRlIjoxODAwMDAwMDAwMDAwLCJkZWxldGUiOjE4MDAwMDAwMDAwMDAsInJlYWQiOjMwMDAwMDAwMDAwMCwidXBkYXRlIjoxODAwMDAwMDAwMDAwfX0=",
          "dependencies": [
            "azurerm_resource_group.rg"
          ]
        }
      ]
    }
  ]
}
